
Microsoft Visual Studio Solution File, Format Version 12.00
# Visual Studio 2012
Project("{FAE04EC0-301F-11D3-BF4B-00C04F79EFBC}") = "Vespignani.Guido.ej3", "Vespignani.Guido.ej3\Vespignani.Guido.ej3.csproj", "{72AE3F8F-3451-44E7-80FA-7434321F21B0}"
EndProject
Project("{FAE04EC0-301F-11D3-BF4B-00C04F79EFBC}") = "Ej04", "Ej04\Ej04.csproj", "{A732554B-0D0F-44D1-9F1E-2CA73E0DFDCE}"
EndProject
Project("{FAE04EC0-301F-11D3-BF4B-00C04F79EFBC}") = "clase05", "clase05\clase05.csproj", "{12E0B459-4AE2-4246-8055-F176EE0799B5}"
EndProject
Project("{FAE04EC0-301F-11D3-BF4B-00C04F79EFBC}") = "Entidades", "Entidades\Entidades.csproj", "{05A1C4C8-CE1C-4376-83CA-F99765B031E5}"
EndProject
Project("{FAE04EC0-301F-11D3-BF4B-00C04F79EFBC}") = "TestLibreria", "TestLibreria\TestLibreria.csproj", "{B970F0C3-5641-4237-9EF2-102057EABBCB}"
EndProject
Project("{FAE04EC0-301F-11D3-BF4B-00C04F79EFBC}") = "WindowsFormsCosa", "WindowsFormsCosa\WindowsFormsCosa.csproj", "{908A8C34-2B6E-49B0-A14C-19FB64F7433F}"
EndProject
Project("{FAE04EC0-301F-11D3-BF4B-00C04F79EFBC}") = "clase06", "clase06\clase06.csproj", "{F55A29B2-8C4C-4D3D-B5F1-11F46900D4A4}"
EndProject
Project("{FAE04EC0-301F-11D3-BF4B-00C04F79EFBC}") = "TrabajoPractico1", "TrabajoPractico1\TrabajoPractico1.csproj", "{D02A4154-EB76-4EC7-B943-5D7EE798D3A7}"
EndProject
Project("{FAE04EC0-301F-11D3-BF4B-00C04F79EFBC}") = "Clase7", "Clase7\Clase7.csproj", "{5D3D3CA8-0BA0-408A-92B4-0B5A459E4A6D}"
EndProject
Project("{FAE04EC0-301F-11D3-BF4B-00C04F79EFBC}") = "Clase8", "Clase8\Clase8.csproj", "{DDFAF3E0-7D72-4AE8-AC57-A027AE90B2D2}"
EndProject
Project("{FAE04EC0-301F-11D3-BF4B-00C04F79EFBC}") = "clase9", "clase9\clase9.csproj", "{381CC97F-21A4-4574-82BD-A826D1607ADB}"
EndProject
Project("{FAE04EC0-301F-11D3-BF4B-00C04F79EFBC}") = "WindowsFormsClase9", "WindowsFormsClase9\WindowsFormsClase9.csproj", "{C8E890EE-633F-4B9F-A99B-1CCF60FA5570}"
EndProject
Project("{FAE04EC0-301F-11D3-BF4B-00C04F79EFBC}") = "Clase10", "Clase10\Clase10.csproj", "{94CD4660-8497-46D1-9139-E86557F372DD}"
EndProject
Project("{FAE04EC0-301F-11D3-BF4B-00C04F79EFBC}") = "TpHerencia", "TpHerencia\TpHerencia.csproj", "{CAA0A839-16CB-4F23-8C42-23002E8ACEC2}"
EndProject
Project("{FAE04EC0-301F-11D3-BF4B-00C04F79EFBC}") = "Clase_11", "Clase_11\Clase_11.csproj", "{77E7FEBD-D0E9-4DEA-A136-02240B17CC37}"
EndProject
Project("{FAE04EC0-301F-11D3-BF4B-00C04F79EFBC}") = "ClaseConsola11", "ClaseConsola11\ClaseConsola11.csproj", "{F3C2EEC7-1871-4532-B5EA-B9629D1A6518}"
EndProject
Project("{FAE04EC0-301F-11D3-BF4B-00C04F79EFBC}") = "clase11.1", "clase11.1\clase11.1.csproj", "{5C689805-01CB-4182-9587-D15926D6ED22}"
EndProject
Project("{FAE04EC0-301F-11D3-BF4B-00C04F79EFBC}") = "Clase12", "Clase12\Clase12.csproj", "{C90394CA-376B-4D6B-B409-F7E27B51CE90}"
EndProject
Project("{FAE04EC0-301F-11D3-BF4B-00C04F79EFBC}") = "Clase14", "Clase14\Clase14.csproj", "{80EEAE4C-C710-4370-BD42-BBFAE361EC9F}"
EndProject
Project("{FAE04EC0-301F-11D3-BF4B-00C04F79EFBC}") = "Clase15", "Clase15\Clase15.csproj", "{28384050-65CE-4ED0-9AEC-C6E05DA0DEAB}"
EndProject
Project("{FAE04EC0-301F-11D3-BF4B-00C04F79EFBC}") = "Clase16", "Clase16\Clase16.csproj", "{F03A7C59-B36F-4811-8925-437BFB689612}"
EndProject
Global
	GlobalSection(SolutionConfigurationPlatforms) = preSolution
		Debug|Any CPU = Debug|Any CPU
		Release|Any CPU = Release|Any CPU
	EndGlobalSection
	GlobalSection(ProjectConfigurationPlatforms) = postSolution
		{72AE3F8F-3451-44E7-80FA-7434321F21B0}.Debug|Any CPU.ActiveCfg = Debug|Any CPU
		{72AE3F8F-3451-44E7-80FA-7434321F21B0}.Debug|Any CPU.Build.0 = Debug|Any CPU
		{72AE3F8F-3451-44E7-80FA-7434321F21B0}.Release|Any CPU.ActiveCfg = Release|Any CPU
		{72AE3F8F-3451-44E7-80FA-7434321F21B0}.Release|Any CPU.Build.0 = Release|Any CPU
		{A732554B-0D0F-44D1-9F1E-2CA73E0DFDCE}.Debug|Any CPU.ActiveCfg = Debug|Any CPU
		{A732554B-0D0F-44D1-9F1E-2CA73E0DFDCE}.Debug|Any CPU.Build.0 = Debug|Any CPU
		{A732554B-0D0F-44D1-9F1E-2CA73E0DFDCE}.Release|Any CPU.ActiveCfg = Release|Any CPU
		{A732554B-0D0F-44D1-9F1E-2CA73E0DFDCE}.Release|Any CPU.Build.0 = Release|Any CPU
		{12E0B459-4AE2-4246-8055-F176EE0799B5}.Debug|Any CPU.ActiveCfg = Debug|Any CPU
		{12E0B459-4AE2-4246-8055-F176EE0799B5}.Debug|Any CPU.Build.0 = Debug|Any CPU
		{12E0B459-4AE2-4246-8055-F176EE0799B5}.Release|Any CPU.ActiveCfg = Release|Any CPU
		{12E0B459-4AE2-4246-8055-F176EE0799B5}.Release|Any CPU.Build.0 = Release|Any CPU
		{05A1C4C8-CE1C-4376-83CA-F99765B031E5}.Debug|Any CPU.ActiveCfg = Debug|Any CPU
		{05A1C4C8-CE1C-4376-83CA-F99765B031E5}.Debug|Any CPU.Build.0 = Debug|Any CPU
		{05A1C4C8-CE1C-4376-83CA-F99765B031E5}.Release|Any CPU.ActiveCfg = Release|Any CPU
		{05A1C4C8-CE1C-4376-83CA-F99765B031E5}.Release|Any CPU.Build.0 = Release|Any CPU
		{B970F0C3-5641-4237-9EF2-102057EABBCB}.Debug|Any CPU.ActiveCfg = Debug|Any CPU
		{B970F0C3-5641-4237-9EF2-102057EABBCB}.Debug|Any CPU.Build.0 = Debug|Any CPU
		{B970F0C3-5641-4237-9EF2-102057EABBCB}.Release|Any CPU.ActiveCfg = Release|Any CPU
		{B970F0C3-5641-4237-9EF2-102057EABBCB}.Release|Any CPU.Build.0 = Release|Any CPU
		{908A8C34-2B6E-49B0-A14C-19FB64F7433F}.Debug|Any CPU.ActiveCfg = Debug|Any CPU
		{908A8C34-2B6E-49B0-A14C-19FB64F7433F}.Debug|Any CPU.Build.0 = Debug|Any CPU
		{908A8C34-2B6E-49B0-A14C-19FB64F7433F}.Release|Any CPU.ActiveCfg = Release|Any CPU
		{908A8C34-2B6E-49B0-A14C-19FB64F7433F}.Release|Any CPU.Build.0 = Release|Any CPU
		{F55A29B2-8C4C-4D3D-B5F1-11F46900D4A4}.Debug|Any CPU.ActiveCfg = Debug|Any CPU
		{F55A29B2-8C4C-4D3D-B5F1-11F46900D4A4}.Debug|Any CPU.Build.0 = Debug|Any CPU
		{F55A29B2-8C4C-4D3D-B5F1-11F46900D4A4}.Release|Any CPU.ActiveCfg = Release|Any CPU
		{F55A29B2-8C4C-4D3D-B5F1-11F46900D4A4}.Release|Any CPU.Build.0 = Release|Any CPU
		{D02A4154-EB76-4EC7-B943-5D7EE798D3A7}.Debug|Any CPU.ActiveCfg = Debug|Any CPU
		{D02A4154-EB76-4EC7-B943-5D7EE798D3A7}.Debug|Any CPU.Build.0 = Debug|Any CPU
		{D02A4154-EB76-4EC7-B943-5D7EE798D3A7}.Release|Any CPU.ActiveCfg = Release|Any CPU
		{D02A4154-EB76-4EC7-B943-5D7EE798D3A7}.Release|Any CPU.Build.0 = Release|Any CPU
		{5D3D3CA8-0BA0-408A-92B4-0B5A459E4A6D}.Debug|Any CPU.ActiveCfg = Debug|Any CPU
		{5D3D3CA8-0BA0-408A-92B4-0B5A459E4A6D}.Debug|Any CPU.Build.0 = Debug|Any CPU
		{5D3D3CA8-0BA0-408A-92B4-0B5A459E4A6D}.Release|Any CPU.ActiveCfg = Release|Any CPU
		{5D3D3CA8-0BA0-408A-92B4-0B5A459E4A6D}.Release|Any CPU.Build.0 = Release|Any CPU
		{DDFAF3E0-7D72-4AE8-AC57-A027AE90B2D2}.Debug|Any CPU.ActiveCfg = Debug|Any CPU
		{DDFAF3E0-7D72-4AE8-AC57-A027AE90B2D2}.Debug|Any CPU.Build.0 = Debug|Any CPU
		{DDFAF3E0-7D72-4AE8-AC57-A027AE90B2D2}.Release|Any CPU.ActiveCfg = Release|Any CPU
		{DDFAF3E0-7D72-4AE8-AC57-A027AE90B2D2}.Release|Any CPU.Build.0 = Release|Any CPU
		{381CC97F-21A4-4574-82BD-A826D1607ADB}.Debug|Any CPU.ActiveCfg = Debug|Any CPU
		{381CC97F-21A4-4574-82BD-A826D1607ADB}.Debug|Any CPU.Build.0 = Debug|Any CPU
		{381CC97F-21A4-4574-82BD-A826D1607ADB}.Release|Any CPU.ActiveCfg = Release|Any CPU
		{381CC97F-21A4-4574-82BD-A826D1607ADB}.Release|Any CPU.Build.0 = Release|Any CPU
		{C8E890EE-633F-4B9F-A99B-1CCF60FA5570}.Debug|Any CPU.ActiveCfg = Debug|Any CPU
		{C8E890EE-633F-4B9F-A99B-1CCF60FA5570}.Debug|Any CPU.Build.0 = Debug|Any CPU
		{C8E890EE-633F-4B9F-A99B-1CCF60FA5570}.Release|Any CPU.ActiveCfg = Release|Any CPU
		{C8E890EE-633F-4B9F-A99B-1CCF60FA5570}.Release|Any CPU.Build.0 = Release|Any CPU
		{94CD4660-8497-46D1-9139-E86557F372DD}.Debug|Any CPU.ActiveCfg = Debug|Any CPU
		{94CD4660-8497-46D1-9139-E86557F372DD}.Debug|Any CPU.Build.0 = Debug|Any CPU
		{94CD4660-8497-46D1-9139-E86557F372DD}.Release|Any CPU.ActiveCfg = Release|Any CPU
		{94CD4660-8497-46D1-9139-E86557F372DD}.Release|Any CPU.Build.0 = Release|Any CPU
		{CAA0A839-16CB-4F23-8C42-23002E8ACEC2}.Debug|Any CPU.ActiveCfg = Debug|Any CPU
		{CAA0A839-16CB-4F23-8C42-23002E8ACEC2}.Debug|Any CPU.Build.0 = Debug|Any CPU
		{CAA0A839-16CB-4F23-8C42-23002E8ACEC2}.Release|Any CPU.ActiveCfg = Release|Any CPU
		{CAA0A839-16CB-4F23-8C42-23002E8ACEC2}.Release|Any CPU.Build.0 = Release|Any CPU
		{77E7FEBD-D0E9-4DEA-A136-02240B17CC37}.Debug|Any CPU.ActiveCfg = Debug|Any CPU
		{77E7FEBD-D0E9-4DEA-A136-02240B17CC37}.Debug|Any CPU.Build.0 = Debug|Any CPU
		{77E7FEBD-D0E9-4DEA-A136-02240B17CC37}.Release|Any CPU.ActiveCfg = Release|Any CPU
		{77E7FEBD-D0E9-4DEA-A136-02240B17CC37}.Release|Any CPU.Build.0 = Release|Any CPU
		{F3C2EEC7-1871-4532-B5EA-B9629D1A6518}.Debug|Any CPU.ActiveCfg = Debug|Any CPU
		{F3C2EEC7-1871-4532-B5EA-B9629D1A6518}.Debug|Any CPU.Build.0 = Debug|Any CPU
		{F3C2EEC7-1871-4532-B5EA-B9629D1A6518}.Release|Any CPU.ActiveCfg = Release|Any CPU
		{F3C2EEC7-1871-4532-B5EA-B9629D1A6518}.Release|Any CPU.Build.0 = Release|Any CPU
		{5C689805-01CB-4182-9587-D15926D6ED22}.Debug|Any CPU.ActiveCfg = Debug|Any CPU
		{5C689805-01CB-4182-9587-D15926D6ED22}.Debug|Any CPU.Build.0 = Debug|Any CPU
		{5C689805-01CB-4182-9587-D15926D6ED22}.Release|Any CPU.ActiveCfg = Release|Any CPU
		{5C689805-01CB-4182-9587-D15926D6ED22}.Release|Any CPU.Build.0 = Release|Any CPU
		{C90394CA-376B-4D6B-B409-F7E27B51CE90}.Debug|Any CPU.ActiveCfg = Debug|Any CPU
		{C90394CA-376B-4D6B-B409-F7E27B51CE90}.Debug|Any CPU.Build.0 = Debug|Any CPU
		{C90394CA-376B-4D6B-B409-F7E27B51CE90}.Release|Any CPU.ActiveCfg = Release|Any CPU
		{C90394CA-376B-4D6B-B409-F7E27B51CE90}.Release|Any CPU.Build.0 = Release|Any CPU
		{80EEAE4C-C710-4370-BD42-BBFAE361EC9F}.Debug|Any CPU.ActiveCfg = Debug|Any CPU
		{80EEAE4C-C710-4370-BD42-BBFAE361EC9F}.Debug|Any CPU.Build.0 = Debug|Any CPU
		{80EEAE4C-C710-4370-BD42-BBFAE361EC9F}.Release|Any CPU.ActiveCfg = Release|Any CPU
		{80EEAE4C-C710-4370-BD42-BBFAE361EC9F}.Release|Any CPU.Build.0 = Release|Any CPU
		{28384050-65CE-4ED0-9AEC-C6E05DA0DEAB}.Debug|Any CPU.ActiveCfg = Debug|Any CPU
		{28384050-65CE-4ED0-9AEC-C6E05DA0DEAB}.Debug|Any CPU.Build.0 = Debug|Any CPU
		{28384050-65CE-4ED0-9AEC-C6E05DA0DEAB}.Release|Any CPU.ActiveCfg = Release|Any CPU
		{28384050-65CE-4ED0-9AEC-C6E05DA0DEAB}.Release|Any CPU.Build.0 = Release|Any CPU
		{F03A7C59-B36F-4811-8925-437BFB689612}.Debug|Any CPU.ActiveCfg = Debug|Any CPU
		{F03A7C59-B36F-4811-8925-437BFB689612}.Debug|Any CPU.Build.0 = Debug|Any CPU
		{F03A7C59-B36F-4811-8925-437BFB689612}.Release|Any CPU.ActiveCfg = Release|Any CPU
		{F03A7C59-B36F-4811-8925-437BFB689612}.Release|Any CPU.Build.0 = Release|Any CPU
	EndGlobalSection
	GlobalSection(SolutionProperties) = preSolution
		HideSolutionNode = FALSE
	EndGlobalSection
EndGlobal
